
Microsoft Visual Studio Solution File, Format Version 12.00
# Visual Studio Version 17
VisualStudioVersion = 17.5.002.0
MinimumVisualStudioVersion = 10.0.40219.1
Project("{9A19103F-16F7-4668-BE54-9A1E7A4F7556}") = "LNE-ERP", "LNE-ERP.csproj", "{350A48D0-E1D2-48E0-90D3-8DF73941F22E}"
EndProject
Global
	GlobalSection(SolutionConfigurationPlatforms) = preSolution
		Debug|Any CPU = Debug|Any CPU
		Release|Any CPU = Release|Any CPU
	EndGlobalSection
	GlobalSection(ProjectConfigurationPlatforms) = postSolution
		{350A48D0-E1D2-48E0-90D3-8DF73941F22E}.Debug|Any CPU.ActiveCfg = Debug|Any CPU
		{350A48D0-E1D2-48E0-90D3-8DF73941F22E}.Debug|Any CPU.Build.0 = Debug|Any CPU
		{350A48D0-E1D2-48E0-90D3-8DF73941F22E}.Release|Any CPU.ActiveCfg = Release|Any CPU
		{350A48D0-E1D2-48E0-90D3-8DF73941F22E}.Release|Any CPU.Build.0 = Release|Any CPU
	EndGlobalSection
	GlobalSection(SolutionProperties) = preSolution
		HideSolutionNode = FALSE
	EndGlobalSection
	GlobalSection(ExtensibilityGlobals) = postSolution
		SolutionGuid = {D8C5257E-28C4-4C25-A683-59B4C3EE199C}
	EndGlobalSection
EndGlobal
